
Microsoft Visual Studio Solution File, Format Version 12.00
# Visual Studio Version 16
VisualStudioVersion = 16.0.30114.105
MinimumVisualStudioVersion = 10.0.40219.1
Project("{2150E333-8FDC-42A3-9474-1A3956D46DE8}") = "src", "src", "{2042259E-7E8B-47FB-82A6-392DFB40CD1D}"
EndProject
Project("{FAE04EC0-301F-11D3-BF4B-00C04F79EFBC}") = "IRSI.Services.Dashboard", "src\IRSI.Services.Dashboard\IRSI.Services.Dashboard.csproj", "{79426E35-B893-46CE-AC17-94F681A0326D}"
EndProject
Project("{FAE04EC0-301F-11D3-BF4B-00C04F79EFBC}") = "IRSI.Services.Dashboard.Application", "src\IRSI.Services.Dashboard.Application\IRSI.Services.Dashboard.Application.csproj", "{AF0BD02F-5A99-4209-8A82-069FF3740164}"
EndProject
Project("{FAE04EC0-301F-11D3-BF4B-00C04F79EFBC}") = "IRSI.Services.Dashboard.Infrastructure", "src\IRSI.Services.Dashboard.Infrastructure\IRSI.Services.Dashboard.Infrastructure.csproj", "{42764466-4600-4805-9FAB-8E65CC528C43}"
EndProject
Project("{2150E333-8FDC-42A3-9474-1A3956D46DE8}") = "tests", "tests", "{860F2B5F-73DA-4A6B-BF2B-4042241C08CF}"
EndProject
Project("{FAE04EC0-301F-11D3-BF4B-00C04F79EFBC}") = "IRSI.Services.Dashboard.Application.Tests", "tests\IRSI.Services.Dashboard.Application.Tests\IRSI.Services.Dashboard.Application.Tests.csproj", "{157EEF55-2C8B-4116-8056-49DDE69A3778}"
EndProject
Project("{FAE04EC0-301F-11D3-BF4B-00C04F79EFBC}") = "IRSI.Services.Dashboard.Infrastructure.Tests", "tests\IRSI.Services.Dashboard.Infrastructure.Tests\IRSI.Services.Dashboard.Infrastructure.Tests.csproj", "{D9EA0833-75DB-417B-B728-17322F1478C4}"
EndProject
Project("{2150E333-8FDC-42A3-9474-1A3956D46DE8}") = "Contracts", "Contracts", "{7926DA67-74C8-49A6-842E-680AC10F674A}"
EndProject
Project("{FAE04EC0-301F-11D3-BF4B-00C04F79EFBC}") = "IRSI.Polling.Contracts", "src\Contracts\IRSI.Polling.Contracts\IRSI.Polling.Contracts.csproj", "{80A20FF0-8A65-4288-8915-55B8BB4A3A6E}"
EndProject
Project("{FAE04EC0-301F-11D3-BF4B-00C04F79EFBC}") = "IRSI.AutoUpdate.Contracts", "src\Contracts\IRSI.AutoUpdate.Contracts\IRSI.AutoUpdate.Contracts.csproj", "{B56D43A0-FEAD-46ED-A154-544826342AB9}"
EndProject
Project("{FAE04EC0-301F-11D3-BF4B-00C04F79EFBC}") = "IRSI.Payroll.Contracts", "src\Contracts\IRSI.Payroll.Contracts\IRSI.Payroll.Contracts.csproj", "{CDF7264B-868D-4386-87D2-CC33CEAB8B38}"
EndProject
Project("{FAE04EC0-301F-11D3-BF4B-00C04F79EFBC}") = "IRSI.Paytronix.Contracts", "src\Contracts\IRSI.Paytronix.Contracts\IRSI.Paytronix.Contracts.csproj", "{B432483D-B8E0-4924-BF67-791F30CB4F25}"
EndProject
Global
	GlobalSection(SolutionConfigurationPlatforms) = preSolution
		Debug|Any CPU = Debug|Any CPU
		Debug|x64 = Debug|x64
		Debug|x86 = Debug|x86
		Release|Any CPU = Release|Any CPU
		Release|x64 = Release|x64
		Release|x86 = Release|x86
	EndGlobalSection
	GlobalSection(SolutionProperties) = preSolution
		HideSolutionNode = FALSE
	EndGlobalSection
	GlobalSection(ProjectConfigurationPlatforms) = postSolution
		{79426E35-B893-46CE-AC17-94F681A0326D}.Debug|Any CPU.ActiveCfg = Debug|Any CPU
		{79426E35-B893-46CE-AC17-94F681A0326D}.Debug|Any CPU.Build.0 = Debug|Any CPU
		{79426E35-B893-46CE-AC17-94F681A0326D}.Debug|x64.ActiveCfg = Debug|Any CPU
		{79426E35-B893-46CE-AC17-94F681A0326D}.Debug|x64.Build.0 = Debug|Any CPU
		{79426E35-B893-46CE-AC17-94F681A0326D}.Debug|x86.ActiveCfg = Debug|Any CPU
		{79426E35-B893-46CE-AC17-94F681A0326D}.Debug|x86.Build.0 = Debug|Any CPU
		{79426E35-B893-46CE-AC17-94F681A0326D}.Release|Any CPU.ActiveCfg = Release|Any CPU
		{79426E35-B893-46CE-AC17-94F681A0326D}.Release|Any CPU.Build.0 = Release|Any CPU
		{79426E35-B893-46CE-AC17-94F681A0326D}.Release|x64.ActiveCfg = Release|Any CPU
		{79426E35-B893-46CE-AC17-94F681A0326D}.Release|x64.Build.0 = Release|Any CPU
		{79426E35-B893-46CE-AC17-94F681A0326D}.Release|x86.ActiveCfg = Release|Any CPU
		{79426E35-B893-46CE-AC17-94F681A0326D}.Release|x86.Build.0 = Release|Any CPU
		{AF0BD02F-5A99-4209-8A82-069FF3740164}.Debug|Any CPU.ActiveCfg = Debug|Any CPU
		{AF0BD02F-5A99-4209-8A82-069FF3740164}.Debug|Any CPU.Build.0 = Debug|Any CPU
		{AF0BD02F-5A99-4209-8A82-069FF3740164}.Debug|x64.ActiveCfg = Debug|Any CPU
		{AF0BD02F-5A99-4209-8A82-069FF3740164}.Debug|x64.Build.0 = Debug|Any CPU
		{AF0BD02F-5A99-4209-8A82-069FF3740164}.Debug|x86.ActiveCfg = Debug|Any CPU
		{AF0BD02F-5A99-4209-8A82-069FF3740164}.Debug|x86.Build.0 = Debug|Any CPU
		{AF0BD02F-5A99-4209-8A82-069FF3740164}.Release|Any CPU.ActiveCfg = Release|Any CPU
		{AF0BD02F-5A99-4209-8A82-069FF3740164}.Release|Any CPU.Build.0 = Release|Any CPU
		{AF0BD02F-5A99-4209-8A82-069FF3740164}.Release|x64.ActiveCfg = Release|Any CPU
		{AF0BD02F-5A99-4209-8A82-069FF3740164}.Release|x64.Build.0 = Release|Any CPU
		{AF0BD02F-5A99-4209-8A82-069FF3740164}.Release|x86.ActiveCfg = Release|Any CPU
		{AF0BD02F-5A99-4209-8A82-069FF3740164}.Release|x86.Build.0 = Release|Any CPU
		{42764466-4600-4805-9FAB-8E65CC528C43}.Debug|Any CPU.ActiveCfg = Debug|Any CPU
		{42764466-4600-4805-9FAB-8E65CC528C43}.Debug|Any CPU.Build.0 = Debug|Any CPU
		{42764466-4600-4805-9FAB-8E65CC528C43}.Debug|x64.ActiveCfg = Debug|Any CPU
		{42764466-4600-4805-9FAB-8E65CC528C43}.Debug|x64.Build.0 = Debug|Any CPU
		{42764466-4600-4805-9FAB-8E65CC528C43}.Debug|x86.ActiveCfg = Debug|Any CPU
		{42764466-4600-4805-9FAB-8E65CC528C43}.Debug|x86.Build.0 = Debug|Any CPU
		{42764466-4600-4805-9FAB-8E65CC528C43}.Release|Any CPU.ActiveCfg = Release|Any CPU
		{42764466-4600-4805-9FAB-8E65CC528C43}.Release|Any CPU.Build.0 = Release|Any CPU
		{42764466-4600-4805-9FAB-8E65CC528C43}.Release|x64.ActiveCfg = Release|Any CPU
		{42764466-4600-4805-9FAB-8E65CC528C43}.Release|x64.Build.0 = Release|Any CPU
		{42764466-4600-4805-9FAB-8E65CC528C43}.Release|x86.ActiveCfg = Release|Any CPU
		{42764466-4600-4805-9FAB-8E65CC528C43}.Release|x86.Build.0 = Release|Any CPU
		{157EEF55-2C8B-4116-8056-49DDE69A3778}.Debug|Any CPU.ActiveCfg = Debug|Any CPU
		{157EEF55-2C8B-4116-8056-49DDE69A3778}.Debug|Any CPU.Build.0 = Debug|Any CPU
		{157EEF55-2C8B-4116-8056-49DDE69A3778}.Debug|x64.ActiveCfg = Debug|Any CPU
		{157EEF55-2C8B-4116-8056-49DDE69A3778}.Debug|x64.Build.0 = Debug|Any CPU
		{157EEF55-2C8B-4116-8056-49DDE69A3778}.Debug|x86.ActiveCfg = Debug|Any CPU
		{157EEF55-2C8B-4116-8056-49DDE69A3778}.Debug|x86.Build.0 = Debug|Any CPU
		{157EEF55-2C8B-4116-8056-49DDE69A3778}.Release|Any CPU.ActiveCfg = Release|Any CPU
		{157EEF55-2C8B-4116-8056-49DDE69A3778}.Release|Any CPU.Build.0 = Release|Any CPU
		{157EEF55-2C8B-4116-8056-49DDE69A3778}.Release|x64.ActiveCfg = Release|Any CPU
		{157EEF55-2C8B-4116-8056-49DDE69A3778}.Release|x64.Build.0 = Release|Any CPU
		{157EEF55-2C8B-4116-8056-49DDE69A3778}.Release|x86.ActiveCfg = Release|Any CPU
		{157EEF55-2C8B-4116-8056-49DDE69A3778}.Release|x86.Build.0 = Release|Any CPU
		{D9EA0833-75DB-417B-B728-17322F1478C4}.Debug|Any CPU.ActiveCfg = Debug|Any CPU
		{D9EA0833-75DB-417B-B728-17322F1478C4}.Debug|Any CPU.Build.0 = Debug|Any CPU
		{D9EA0833-75DB-417B-B728-17322F1478C4}.Debug|x64.ActiveCfg = Debug|Any CPU
		{D9EA0833-75DB-417B-B728-17322F1478C4}.Debug|x64.Build.0 = Debug|Any CPU
		{D9EA0833-75DB-417B-B728-17322F1478C4}.Debug|x86.ActiveCfg = Debug|Any CPU
		{D9EA0833-75DB-417B-B728-17322F1478C4}.Debug|x86.Build.0 = Debug|Any CPU
		{D9EA0833-75DB-417B-B728-17322F1478C4}.Release|Any CPU.ActiveCfg = Release|Any CPU
		{D9EA0833-75DB-417B-B728-17322F1478C4}.Release|Any CPU.Build.0 = Release|Any CPU
		{D9EA0833-75DB-417B-B728-17322F1478C4}.Release|x64.ActiveCfg = Release|Any CPU
		{D9EA0833-75DB-417B-B728-17322F1478C4}.Release|x64.Build.0 = Release|Any CPU
		{D9EA0833-75DB-417B-B728-17322F1478C4}.Release|x86.ActiveCfg = Release|Any CPU
		{D9EA0833-75DB-417B-B728-17322F1478C4}.Release|x86.Build.0 = Release|Any CPU
		{80A20FF0-8A65-4288-8915-55B8BB4A3A6E}.Debug|Any CPU.ActiveCfg = Debug|Any CPU
		{80A20FF0-8A65-4288-8915-55B8BB4A3A6E}.Debug|Any CPU.Build.0 = Debug|Any CPU
		{80A20FF0-8A65-4288-8915-55B8BB4A3A6E}.Debug|x64.ActiveCfg = Debug|Any CPU
		{80A20FF0-8A65-4288-8915-55B8BB4A3A6E}.Debug|x64.Build.0 = Debug|Any CPU
		{80A20FF0-8A65-4288-8915-55B8BB4A3A6E}.Debug|x86.ActiveCfg = Debug|Any CPU
		{80A20FF0-8A65-4288-8915-55B8BB4A3A6E}.Debug|x86.Build.0 = Debug|Any CPU
		{80A20FF0-8A65-4288-8915-55B8BB4A3A6E}.Release|Any CPU.ActiveCfg = Release|Any CPU
		{80A20FF0-8A65-4288-8915-55B8BB4A3A6E}.Release|Any CPU.Build.0 = Release|Any CPU
		{80A20FF0-8A65-4288-8915-55B8BB4A3A6E}.Release|x64.ActiveCfg = Release|Any CPU
		{80A20FF0-8A65-4288-8915-55B8BB4A3A6E}.Release|x64.Build.0 = Release|Any CPU
		{80A20FF0-8A65-4288-8915-55B8BB4A3A6E}.Release|x86.ActiveCfg = Release|Any CPU
		{80A20FF0-8A65-4288-8915-55B8BB4A3A6E}.Release|x86.Build.0 = Release|Any CPU
		{B56D43A0-FEAD-46ED-A154-544826342AB9}.Debug|Any CPU.ActiveCfg = Debug|Any CPU
		{B56D43A0-FEAD-46ED-A154-544826342AB9}.Debug|Any CPU.Build.0 = Debug|Any CPU
		{B56D43A0-FEAD-46ED-A154-544826342AB9}.Debug|x64.ActiveCfg = Debug|Any CPU
		{B56D43A0-FEAD-46ED-A154-544826342AB9}.Debug|x64.Build.0 = Debug|Any CPU
		{B56D43A0-FEAD-46ED-A154-544826342AB9}.Debug|x86.ActiveCfg = Debug|Any CPU
		{B56D43A0-FEAD-46ED-A154-544826342AB9}.Debug|x86.Build.0 = Debug|Any CPU
		{B56D43A0-FEAD-46ED-A154-544826342AB9}.Release|Any CPU.ActiveCfg = Release|Any CPU
		{B56D43A0-FEAD-46ED-A154-544826342AB9}.Release|Any CPU.Build.0 = Release|Any CPU
		{B56D43A0-FEAD-46ED-A154-544826342AB9}.Release|x64.ActiveCfg = Release|Any CPU
		{B56D43A0-FEAD-46ED-A154-544826342AB9}.Release|x64.Build.0 = Release|Any CPU
		{B56D43A0-FEAD-46ED-A154-544826342AB9}.Release|x86.ActiveCfg = Release|Any CPU
		{B56D43A0-FEAD-46ED-A154-544826342AB9}.Release|x86.Build.0 = Release|Any CPU
		{CDF7264B-868D-4386-87D2-CC33CEAB8B38}.Debug|Any CPU.ActiveCfg = Debug|Any CPU
		{CDF7264B-868D-4386-87D2-CC33CEAB8B38}.Debug|Any CPU.Build.0 = Debug|Any CPU
		{CDF7264B-868D-4386-87D2-CC33CEAB8B38}.Debug|x64.ActiveCfg = Debug|Any CPU
		{CDF7264B-868D-4386-87D2-CC33CEAB8B38}.Debug|x64.Build.0 = Debug|Any CPU
		{CDF7264B-868D-4386-87D2-CC33CEAB8B38}.Debug|x86.ActiveCfg = Debug|Any CPU
		{CDF7264B-868D-4386-87D2-CC33CEAB8B38}.Debug|x86.Build.0 = Debug|Any CPU
		{CDF7264B-868D-4386-87D2-CC33CEAB8B38}.Release|Any CPU.ActiveCfg = Release|Any CPU
		{CDF7264B-868D-4386-87D2-CC33CEAB8B38}.Release|Any CPU.Build.0 = Release|Any CPU
		{CDF7264B-868D-4386-87D2-CC33CEAB8B38}.Release|x64.ActiveCfg = Release|Any CPU
		{CDF7264B-868D-4386-87D2-CC33CEAB8B38}.Release|x64.Build.0 = Release|Any CPU
		{CDF7264B-868D-4386-87D2-CC33CEAB8B38}.Release|x86.ActiveCfg = Release|Any CPU
		{CDF7264B-868D-4386-87D2-CC33CEAB8B38}.Release|x86.Build.0 = Release|Any CPU
		{B432483D-B8E0-4924-BF67-791F30CB4F25}.Debug|Any CPU.ActiveCfg = Debug|Any CPU
		{B432483D-B8E0-4924-BF67-791F30CB4F25}.Debug|Any CPU.Build.0 = Debug|Any CPU
		{B432483D-B8E0-4924-BF67-791F30CB4F25}.Debug|x64.ActiveCfg = Debug|Any CPU
		{B432483D-B8E0-4924-BF67-791F30CB4F25}.Debug|x64.Build.0 = Debug|Any CPU
		{B432483D-B8E0-4924-BF67-791F30CB4F25}.Debug|x86.ActiveCfg = Debug|Any CPU
		{B432483D-B8E0-4924-BF67-791F30CB4F25}.Debug|x86.Build.0 = Debug|Any CPU
		{B432483D-B8E0-4924-BF67-791F30CB4F25}.Release|Any CPU.ActiveCfg = Release|Any CPU
		{B432483D-B8E0-4924-BF67-791F30CB4F25}.Release|Any CPU.Build.0 = Release|Any CPU
		{B432483D-B8E0-4924-BF67-791F30CB4F25}.Release|x64.ActiveCfg = Release|Any CPU
		{B432483D-B8E0-4924-BF67-791F30CB4F25}.Release|x64.Build.0 = Release|Any CPU
		{B432483D-B8E0-4924-BF67-791F30CB4F25}.Release|x86.ActiveCfg = Release|Any CPU
		{B432483D-B8E0-4924-BF67-791F30CB4F25}.Release|x86.Build.0 = Release|Any CPU
	EndGlobalSection
	GlobalSection(NestedProjects) = preSolution
		{79426E35-B893-46CE-AC17-94F681A0326D} = {2042259E-7E8B-47FB-82A6-392DFB40CD1D}
		{AF0BD02F-5A99-4209-8A82-069FF3740164} = {2042259E-7E8B-47FB-82A6-392DFB40CD1D}
		{42764466-4600-4805-9FAB-8E65CC528C43} = {2042259E-7E8B-47FB-82A6-392DFB40CD1D}
		{157EEF55-2C8B-4116-8056-49DDE69A3778} = {860F2B5F-73DA-4A6B-BF2B-4042241C08CF}
		{D9EA0833-75DB-417B-B728-17322F1478C4} = {860F2B5F-73DA-4A6B-BF2B-4042241C08CF}
		{7926DA67-74C8-49A6-842E-680AC10F674A} = {2042259E-7E8B-47FB-82A6-392DFB40CD1D}
		{80A20FF0-8A65-4288-8915-55B8BB4A3A6E} = {7926DA67-74C8-49A6-842E-680AC10F674A}
		{B56D43A0-FEAD-46ED-A154-544826342AB9} = {7926DA67-74C8-49A6-842E-680AC10F674A}
		{CDF7264B-868D-4386-87D2-CC33CEAB8B38} = {7926DA67-74C8-49A6-842E-680AC10F674A}
		{B432483D-B8E0-4924-BF67-791F30CB4F25} = {7926DA67-74C8-49A6-842E-680AC10F674A}
	EndGlobalSection
EndGlobal
